
Microsoft Visual Studio Solution File, Format Version 12.00
# Visual Studio Version 17
VisualStudioVersion = 17.0.31903.59
MinimumVisualStudioVersion = 10.0.40219.1
Project("{FAE04EC0-301F-11D3-BF4B-00C04F79EFBC}") = "CustomerService", "CustomerService/CustomerService.csproj", "{C2A30DAC-6A6E-4FB1-AB01-7AB941094AF0}"
EndProject
Project("{FAE04EC0-301F-11D3-BF4B-00C04F79EFBC}") = "CustomerService.Tests", "CustomerService.Tests/CustomerService.Tests.csproj", "{D481B77E-A78B-4F43-89C7-66C207234CF3}"
EndProject
Global
	GlobalSection(SolutionConfigurationPlatforms) = preSolution
		Debug|Any CPU = Debug|Any CPU
		Release|Any CPU = Release|Any CPU
	EndGlobalSection
	GlobalSection(SolutionProperties) = preSolution
		HideSolutionNode = FALSE
	EndGlobalSection
	GlobalSection(ProjectConfigurationPlatforms) = postSolution
		{C2A30DAC-6A6E-4FB1-AB01-7AB941094AF0}.Debug|Any CPU.ActiveCfg = Debug|Any CPU
		{C2A30DAC-6A6E-4FB1-AB01-7AB941094AF0}.Debug|Any CPU.Build.0 = Debug|Any CPU
		{C2A30DAC-6A6E-4FB1-AB01-7AB941094AF0}.Release|Any CPU.ActiveCfg = Release|Any CPU
		{C2A30DAC-6A6E-4FB1-AB01-7AB941094AF0}.Release|Any CPU.Build.0 = Release|Any CPU
		{D481B77E-A78B-4F43-89C7-66C207234CF3}.Debug|Any CPU.ActiveCfg = Debug|Any CPU
		{D481B77E-A78B-4F43-89C7-66C207234CF3}.Debug|Any CPU.Build.0 = Debug|Any CPU
		{D481B77E-A78B-4F43-89C7-66C207234CF3}.Release|Any CPU.ActiveCfg = Release|Any CPU
		{D481B77E-A78B-4F43-89C7-66C207234CF3}.Release|Any CPU.Build.0 = Release|Any CPU
	EndGlobalSection
EndGlobal
